
Microsoft Visual Studio Solution File, Format Version 12.00
# Visual Studio Version 17
VisualStudioVersion = 17.6.33815.320
MinimumVisualStudioVersion = 10.0.40219.1
Project("{9A19103F-16F7-4668-BE54-9A1E7A4F7556}") = "VkApi", "VkApi\VkApi.csproj", "{0CCEB88D-7435-4683-A221-FD6ADF05841F}"
EndProject
Project("{FAE04EC0-301F-11D3-BF4B-00C04F79EFBC}") = "Framework", "Framework\Framework.csproj", "{C7503988-6D10-4EB5-AE8D-C886DA452B50}"
EndProject
Global
	GlobalSection(SolutionConfigurationPlatforms) = preSolution
		Debug|Any CPU = Debug|Any CPU
		Release|Any CPU = Release|Any CPU
	EndGlobalSection
	GlobalSection(ProjectConfigurationPlatforms) = postSolution
		{0CCEB88D-7435-4683-A221-FD6ADF05841F}.Debug|Any CPU.ActiveCfg = Debug|Any CPU
		{0CCEB88D-7435-4683-A221-FD6ADF05841F}.Debug|Any CPU.Build.0 = Debug|Any CPU
		{0CCEB88D-7435-4683-A221-FD6ADF05841F}.Release|Any CPU.ActiveCfg = Release|Any CPU
		{0CCEB88D-7435-4683-A221-FD6ADF05841F}.Release|Any CPU.Build.0 = Release|Any CPU
		{C7503988-6D10-4EB5-AE8D-C886DA452B50}.Debug|Any CPU.ActiveCfg = Debug|Any CPU
		{C7503988-6D10-4EB5-AE8D-C886DA452B50}.Debug|Any CPU.Build.0 = Debug|Any CPU
		{C7503988-6D10-4EB5-AE8D-C886DA452B50}.Release|Any CPU.ActiveCfg = Release|Any CPU
		{C7503988-6D10-4EB5-AE8D-C886DA452B50}.Release|Any CPU.Build.0 = Release|Any CPU
	EndGlobalSection
	GlobalSection(SolutionProperties) = preSolution
		HideSolutionNode = FALSE
	EndGlobalSection
	GlobalSection(ExtensibilityGlobals) = postSolution
		SolutionGuid = {2A885AC4-6440-4FC1-BA12-235E63D051A9}
	EndGlobalSection
EndGlobal
